
Microsoft Visual Studio Solution File, Format Version 11.00
# Visual Studio 2010
Project("{FAE04EC0-301F-11D3-BF4B-00C04F79EFBC}") = "GuessWho", "Src\GuessWho\GuessWho.csproj", "{6B20211F-5BB6-4450-BAE6-8AEC3D711219}"
EndProject
Project("{FAE04EC0-301F-11D3-BF4B-00C04F79EFBC}") = "NameFileConverter", "Src\NameFileConverter\NameFileConverter.csproj", "{9A323F50-CF8C-4072-9EB4-C8BF9A232D1B}"
EndProject
Project("{FAE04EC0-301F-11D3-BF4B-00C04F79EFBC}") = "Sample", "Src\Sample\Sample.csproj", "{5CEC3E7D-0B12-43CA-BE81-DFD02A89AE7A}"
EndProject
Project("{FAE04EC0-301F-11D3-BF4B-00C04F79EFBC}") = "Tests", "Src\Tests\Tests.csproj", "{D7D587D9-DAD4-4E5A-BB3F-45EE9B6F5C73}"
EndProject
Global
	GlobalSection(SolutionConfigurationPlatforms) = preSolution
		Debug|Any CPU = Debug|Any CPU
		Debug|Mixed Platforms = Debug|Mixed Platforms
		Debug|x86 = Debug|x86
		Release Top1000|Any CPU = Release Top1000|Any CPU
		Release Top1000|Mixed Platforms = Release Top1000|Mixed Platforms
		Release Top1000|x86 = Release Top1000|x86
		Release|Any CPU = Release|Any CPU
		Release|Mixed Platforms = Release|Mixed Platforms
		Release|x86 = Release|x86
	EndGlobalSection
	GlobalSection(ProjectConfigurationPlatforms) = postSolution
		{6B20211F-5BB6-4450-BAE6-8AEC3D711219}.Debug|Any CPU.ActiveCfg = Debug|Any CPU
		{6B20211F-5BB6-4450-BAE6-8AEC3D711219}.Debug|Any CPU.Build.0 = Debug|Any CPU
		{6B20211F-5BB6-4450-BAE6-8AEC3D711219}.Debug|Mixed Platforms.ActiveCfg = Debug|Any CPU
		{6B20211F-5BB6-4450-BAE6-8AEC3D711219}.Debug|Mixed Platforms.Build.0 = Debug|Any CPU
		{6B20211F-5BB6-4450-BAE6-8AEC3D711219}.Debug|x86.ActiveCfg = Debug|Any CPU
		{6B20211F-5BB6-4450-BAE6-8AEC3D711219}.Release Top1000|Any CPU.ActiveCfg = Release Top1000|Any CPU
		{6B20211F-5BB6-4450-BAE6-8AEC3D711219}.Release Top1000|Any CPU.Build.0 = Release Top1000|Any CPU
		{6B20211F-5BB6-4450-BAE6-8AEC3D711219}.Release Top1000|Mixed Platforms.ActiveCfg = Release Top1000|Any CPU
		{6B20211F-5BB6-4450-BAE6-8AEC3D711219}.Release Top1000|Mixed Platforms.Build.0 = Release Top1000|Any CPU
		{6B20211F-5BB6-4450-BAE6-8AEC3D711219}.Release Top1000|x86.ActiveCfg = Release Top1000|Any CPU
		{6B20211F-5BB6-4450-BAE6-8AEC3D711219}.Release|Any CPU.ActiveCfg = Release|Any CPU
		{6B20211F-5BB6-4450-BAE6-8AEC3D711219}.Release|Any CPU.Build.0 = Release|Any CPU
		{6B20211F-5BB6-4450-BAE6-8AEC3D711219}.Release|Mixed Platforms.ActiveCfg = Release|Any CPU
		{6B20211F-5BB6-4450-BAE6-8AEC3D711219}.Release|Mixed Platforms.Build.0 = Release|Any CPU
		{6B20211F-5BB6-4450-BAE6-8AEC3D711219}.Release|x86.ActiveCfg = Release|Any CPU
		{9A323F50-CF8C-4072-9EB4-C8BF9A232D1B}.Debug|Any CPU.ActiveCfg = Debug|x86
		{9A323F50-CF8C-4072-9EB4-C8BF9A232D1B}.Debug|Mixed Platforms.ActiveCfg = Debug|x86
		{9A323F50-CF8C-4072-9EB4-C8BF9A232D1B}.Debug|Mixed Platforms.Build.0 = Debug|x86
		{9A323F50-CF8C-4072-9EB4-C8BF9A232D1B}.Debug|x86.ActiveCfg = Debug|x86
		{9A323F50-CF8C-4072-9EB4-C8BF9A232D1B}.Debug|x86.Build.0 = Debug|x86
		{9A323F50-CF8C-4072-9EB4-C8BF9A232D1B}.Release Top1000|Any CPU.ActiveCfg = Release Top1000|x86
		{9A323F50-CF8C-4072-9EB4-C8BF9A232D1B}.Release Top1000|Mixed Platforms.ActiveCfg = Release Top1000|x86
		{9A323F50-CF8C-4072-9EB4-C8BF9A232D1B}.Release Top1000|Mixed Platforms.Build.0 = Release Top1000|x86
		{9A323F50-CF8C-4072-9EB4-C8BF9A232D1B}.Release Top1000|x86.ActiveCfg = Release Top1000|x86
		{9A323F50-CF8C-4072-9EB4-C8BF9A232D1B}.Release Top1000|x86.Build.0 = Release Top1000|x86
		{9A323F50-CF8C-4072-9EB4-C8BF9A232D1B}.Release|Any CPU.ActiveCfg = Release|x86
		{9A323F50-CF8C-4072-9EB4-C8BF9A232D1B}.Release|Mixed Platforms.ActiveCfg = Release|x86
		{9A323F50-CF8C-4072-9EB4-C8BF9A232D1B}.Release|Mixed Platforms.Build.0 = Release|x86
		{9A323F50-CF8C-4072-9EB4-C8BF9A232D1B}.Release|x86.ActiveCfg = Release|x86
		{9A323F50-CF8C-4072-9EB4-C8BF9A232D1B}.Release|x86.Build.0 = Release|x86
		{5CEC3E7D-0B12-43CA-BE81-DFD02A89AE7A}.Debug|Any CPU.ActiveCfg = Debug|x86
		{5CEC3E7D-0B12-43CA-BE81-DFD02A89AE7A}.Debug|Mixed Platforms.ActiveCfg = Debug|x86
		{5CEC3E7D-0B12-43CA-BE81-DFD02A89AE7A}.Debug|Mixed Platforms.Build.0 = Debug|x86
		{5CEC3E7D-0B12-43CA-BE81-DFD02A89AE7A}.Debug|x86.ActiveCfg = Debug|x86
		{5CEC3E7D-0B12-43CA-BE81-DFD02A89AE7A}.Debug|x86.Build.0 = Debug|x86
		{5CEC3E7D-0B12-43CA-BE81-DFD02A89AE7A}.Release Top1000|Any CPU.ActiveCfg = Release Top1000|x86
		{5CEC3E7D-0B12-43CA-BE81-DFD02A89AE7A}.Release Top1000|Mixed Platforms.ActiveCfg = Release Top1000|x86
		{5CEC3E7D-0B12-43CA-BE81-DFD02A89AE7A}.Release Top1000|Mixed Platforms.Build.0 = Release Top1000|x86
		{5CEC3E7D-0B12-43CA-BE81-DFD02A89AE7A}.Release Top1000|x86.ActiveCfg = Release Top1000|x86
		{5CEC3E7D-0B12-43CA-BE81-DFD02A89AE7A}.Release Top1000|x86.Build.0 = Release Top1000|x86
		{5CEC3E7D-0B12-43CA-BE81-DFD02A89AE7A}.Release|Any CPU.ActiveCfg = Release|x86
		{5CEC3E7D-0B12-43CA-BE81-DFD02A89AE7A}.Release|Mixed Platforms.ActiveCfg = Release|x86
		{5CEC3E7D-0B12-43CA-BE81-DFD02A89AE7A}.Release|Mixed Platforms.Build.0 = Release|x86
		{5CEC3E7D-0B12-43CA-BE81-DFD02A89AE7A}.Release|x86.ActiveCfg = Release|x86
		{5CEC3E7D-0B12-43CA-BE81-DFD02A89AE7A}.Release|x86.Build.0 = Release|x86
		{D7D587D9-DAD4-4E5A-BB3F-45EE9B6F5C73}.Debug|Any CPU.ActiveCfg = Debug|Any CPU
		{D7D587D9-DAD4-4E5A-BB3F-45EE9B6F5C73}.Debug|Any CPU.Build.0 = Debug|Any CPU
		{D7D587D9-DAD4-4E5A-BB3F-45EE9B6F5C73}.Debug|Mixed Platforms.ActiveCfg = Debug|Any CPU
		{D7D587D9-DAD4-4E5A-BB3F-45EE9B6F5C73}.Debug|Mixed Platforms.Build.0 = Debug|Any CPU
		{D7D587D9-DAD4-4E5A-BB3F-45EE9B6F5C73}.Debug|x86.ActiveCfg = Debug|Any CPU
		{D7D587D9-DAD4-4E5A-BB3F-45EE9B6F5C73}.Release Top1000|Any CPU.ActiveCfg = Release Top1000|Any CPU
		{D7D587D9-DAD4-4E5A-BB3F-45EE9B6F5C73}.Release Top1000|Any CPU.Build.0 = Release Top1000|Any CPU
		{D7D587D9-DAD4-4E5A-BB3F-45EE9B6F5C73}.Release Top1000|Mixed Platforms.ActiveCfg = Release Top1000|Any CPU
		{D7D587D9-DAD4-4E5A-BB3F-45EE9B6F5C73}.Release Top1000|Mixed Platforms.Build.0 = Release Top1000|Any CPU
		{D7D587D9-DAD4-4E5A-BB3F-45EE9B6F5C73}.Release Top1000|x86.ActiveCfg = Release Top1000|Any CPU
		{D7D587D9-DAD4-4E5A-BB3F-45EE9B6F5C73}.Release|Any CPU.ActiveCfg = Release|Any CPU
		{D7D587D9-DAD4-4E5A-BB3F-45EE9B6F5C73}.Release|Any CPU.Build.0 = Release|Any CPU
		{D7D587D9-DAD4-4E5A-BB3F-45EE9B6F5C73}.Release|Mixed Platforms.ActiveCfg = Release|Any CPU
		{D7D587D9-DAD4-4E5A-BB3F-45EE9B6F5C73}.Release|Mixed Platforms.Build.0 = Release|Any CPU
		{D7D587D9-DAD4-4E5A-BB3F-45EE9B6F5C73}.Release|x86.ActiveCfg = Release|Any CPU
	EndGlobalSection
	GlobalSection(SolutionProperties) = preSolution
		HideSolutionNode = FALSE
	EndGlobalSection
EndGlobal
